{
  "name": "profile-assets",
  "version": "1.0.0",
  "lockfileVersion": 3,
  "requires": true,
  "packages": {
    "": {
      "name": "profile-assets",
      "dependencies": {
        "opentype.js": "^2.0.0",
        "simple-icons": "^16.34.0"
      }
    },
    "node_modules/opentype.js": {
      "version": "2.0.0",
      "resolved": "https://registry.npmjs.org/opentype.js/-/opentype.js-2.0.0.tgz",
      "integrity": "sha512-kCyjv6xdDY1W/jLWZ/L3QhhTlKUqDZMQ5+Jdlw12b3dXkKNpYBqqlMMj0YDQPShWFTMwgZI1hG14kN3XUDSg/A==",
      "license": "MIT",
      "bin": {
        "ot": "bin/ot"
      }
    },
    "node_modules/simple-icons": {
      "version": "16.34.0",
      "resolved": "https://registry.npmjs.org/simple-icons/-/simple-icons-16.34.0.tgz",
      "integrity": "sha512-UTxKn0PVspk84B2hHF3Dqiqht1yDjJmDc/t4cO7PyCQxCMk6OjEu95pnpGjhLaGeQ4qBrGASbefTIe/+czrX7g==",
      "funding": [
        {
          "type": "opencollective",
          "url": "https://opencollective.com/simple-icons"
        },
        {
          "type": "github",
          "url": "https://github.com/sponsors/simple-icons"
        }
      ],
      "license": "CC0-1.0",
      "engines": {
        "node": ">=0.12.18"
      }
    }
  }
}
